
Microsoft Visual Studio Solution File, Format Version 12.00
# Visual Studio Version 16
VisualStudioVersion = 25.0.1703.5
MinimumVisualStudioVersion = 10.0.40219.1
Project("{FAE04EC0-301F-11D3-BF4B-00C04F79EFBC}") = "PsefApiOData", "PsefApiOData.csproj", "{6E0CFAB5-7968-4D3C-AF77-FB8FE697298D}"
EndProject
Global
	GlobalSection(SolutionConfigurationPlatforms) = preSolution
		Debug|Any CPU = Debug|Any CPU
		Release|Any CPU = Release|Any CPU
	EndGlobalSection
	GlobalSection(ProjectConfigurationPlatforms) = postSolution
		{6E0CFAB5-7968-4D3C-AF77-FB8FE697298D}.Debug|Any CPU.ActiveCfg = Debug|Any CPU
		{6E0CFAB5-7968-4D3C-AF77-FB8FE697298D}.Debug|Any CPU.Build.0 = Debug|Any CPU
		{6E0CFAB5-7968-4D3C-AF77-FB8FE697298D}.Release|Any CPU.ActiveCfg = Release|Any CPU
		{6E0CFAB5-7968-4D3C-AF77-FB8FE697298D}.Release|Any CPU.Build.0 = Release|Any CPU
	EndGlobalSection
	GlobalSection(SolutionProperties) = preSolution
		HideSolutionNode = FALSE
	EndGlobalSection
	GlobalSection(ExtensibilityGlobals) = postSolution
		SolutionGuid = {5239E048-DDAD-4966-89CA-C67D7D958B16}
	EndGlobalSection
EndGlobal
